
Microsoft Visual Studio Solution File, Format Version 12.00
# Visual Studio Version 18
VisualStudioVersion = 18.0.11010.61 d18.0
MinimumVisualStudioVersion = 10.0.40219.1
Project("{9A19103F-16F7-4668-BE54-9A1E7A4F7556}") = "srv_pub", "srv_pub\srv_pub.csproj", "{8408B4B1-2C1D-4137-8AE9-B518A11B8ED9}"
EndProject
Project("{9A19103F-16F7-4668-BE54-9A1E7A4F7556}") = "LoadBalancer", "LoadBalancer\LoadBalancer.csproj", "{F5A163F6-462E-4493-AF64-1426B517E7F3}"
EndProject
Project("{E53339B2-1760-4266-BCC7-CA923CBCF16C}") = "docker-compose", "docker-compose.dcproj", "{B2A86D45-0608-46FC-86B0-64EE7CAE4201}"
EndProject
Project("{9A19103F-16F7-4668-BE54-9A1E7A4F7556}") = "WareHound.UI", "WareHound.UI\WareHound.UI.csproj", "{2F693993-C59F-4D7C-961C-2E2CEF74AA06}"
EndProject
Project("{9A19103F-16F7-4668-BE54-9A1E7A4F7556}") = "kafka", "kafka\kafka.csproj", "{89F1B527-380B-4C94-9EB0-20137F485A17}"
EndProject
Project("{9A19103F-16F7-4668-BE54-9A1E7A4F7556}") = "outbox", "outbox\outbox.csproj", "{44020AD4-A1DE-4C21-A11A-65F965815B30}"
EndProject
Project("{2150E333-8FDC-42A3-9474-1A3956D46DE8}") = "Solution Items", "Solution Items", "{B519854F-B051-456D-AA92-8775F8124753}"
EndProject
Project("{9A19103F-16F7-4668-BE54-9A1E7A4F7556}") = "srv_sub", "srv_sub\srv_sub.csproj", "{C49D0524-46C2-435D-AA23-B991BF645A0D}"
EndProject
Project("{9A19103F-16F7-4668-BE54-9A1E7A4F7556}") = "MasterNode", "MasterNode\MasterNode.csproj", "{AB02A62F-D7F2-4502-8E2B-E7FD411EDDC6}"
EndProject
Project("{8BC9CEB8-8B4A-11D0-8D11-00A0C91BC942}") = "serviceApp", "serviceApp\serviceApp.vcxproj", "{ECED9827-8622-30CA-B167-B506A2F33C44}"
EndProject
Project("{8BC9CEB8-8B4A-11D0-8D11-00A0C91BC942}") = "WareHound.Sniffer", "WareHound.Sniffer\WareHound.Sniffer.vcxproj", "{E3671798-1BAC-4B94-80F8-0A567758C0B8}"
EndProject
Global
	GlobalSection(SolutionConfigurationPlatforms) = preSolution
		Debug|Any CPU = Debug|Any CPU
		Debug|ARM = Debug|ARM
		Debug|ARM64 = Debug|ARM64
		Debug|x64 = Debug|x64
		Debug|x86 = Debug|x86
		MinSizeRel|Any CPU = MinSizeRel|Any CPU
		MinSizeRel|ARM = MinSizeRel|ARM
		MinSizeRel|ARM64 = MinSizeRel|ARM64
		MinSizeRel|x64 = MinSizeRel|x64
		MinSizeRel|x86 = MinSizeRel|x86
		Release|Any CPU = Release|Any CPU
		Release|ARM = Release|ARM
		Release|ARM64 = Release|ARM64
		Release|x64 = Release|x64
		Release|x86 = Release|x86
		RelWithDebInfo|Any CPU = RelWithDebInfo|Any CPU
		RelWithDebInfo|ARM = RelWithDebInfo|ARM
		RelWithDebInfo|ARM64 = RelWithDebInfo|ARM64
		RelWithDebInfo|x64 = RelWithDebInfo|x64
		RelWithDebInfo|x86 = RelWithDebInfo|x86
	EndGlobalSection
	GlobalSection(ProjectConfigurationPlatforms) = postSolution
		{8408B4B1-2C1D-4137-8AE9-B518A11B8ED9}.Debug|Any CPU.ActiveCfg = Debug|Any CPU
		{8408B4B1-2C1D-4137-8AE9-B518A11B8ED9}.Debug|Any CPU.Build.0 = Debug|Any CPU
		{8408B4B1-2C1D-4137-8AE9-B518A11B8ED9}.Debug|ARM.ActiveCfg = Debug|Any CPU
		{8408B4B1-2C1D-4137-8AE9-B518A11B8ED9}.Debug|ARM.Build.0 = Debug|Any CPU
		{8408B4B1-2C1D-4137-8AE9-B518A11B8ED9}.Debug|ARM64.ActiveCfg = Debug|Any CPU
		{8408B4B1-2C1D-4137-8AE9-B518A11B8ED9}.Debug|ARM64.Build.0 = Debug|Any CPU
		{8408B4B1-2C1D-4137-8AE9-B518A11B8ED9}.Debug|x64.ActiveCfg = Debug|Any CPU
		{8408B4B1-2C1D-4137-8AE9-B518A11B8ED9}.Debug|x64.Build.0 = Debug|Any CPU
		{8408B4B1-2C1D-4137-8AE9-B518A11B8ED9}.Debug|x86.ActiveCfg = Debug|Any CPU
		{8408B4B1-2C1D-4137-8AE9-B518A11B8ED9}.Debug|x86.Build.0 = Debug|Any CPU
		{8408B4B1-2C1D-4137-8AE9-B518A11B8ED9}.MinSizeRel|Any CPU.ActiveCfg = Release|Any CPU
		{8408B4B1-2C1D-4137-8AE9-B518A11B8ED9}.MinSizeRel|Any CPU.Build.0 = Release|Any CPU
		{8408B4B1-2C1D-4137-8AE9-B518A11B8ED9}.MinSizeRel|ARM.ActiveCfg = Release|Any CPU
		{8408B4B1-2C1D-4137-8AE9-B518A11B8ED9}.MinSizeRel|ARM.Build.0 = Release|Any CPU
		{8408B4B1-2C1D-4137-8AE9-B518A11B8ED9}.MinSizeRel|ARM64.ActiveCfg = Release|Any CPU
		{8408B4B1-2C1D-4137-8AE9-B518A11B8ED9}.MinSizeRel|ARM64.Build.0 = Release|Any CPU
		{8408B4B1-2C1D-4137-8AE9-B518A11B8ED9}.MinSizeRel|x64.ActiveCfg = Release|Any CPU
		{8408B4B1-2C1D-4137-8AE9-B518A11B8ED9}.MinSizeRel|x64.Build.0 = Release|Any CPU
		{8408B4B1-2C1D-4137-8AE9-B518A11B8ED9}.MinSizeRel|x86.ActiveCfg = Release|Any CPU
		{8408B4B1-2C1D-4137-8AE9-B518A11B8ED9}.MinSizeRel|x86.Build.0 = Release|Any CPU
		{8408B4B1-2C1D-4137-8AE9-B518A11B8ED9}.Release|Any CPU.ActiveCfg = Release|Any CPU
		{8408B4B1-2C1D-4137-8AE9-B518A11B8ED9}.Release|Any CPU.Build.0 = Release|Any CPU
		{8408B4B1-2C1D-4137-8AE9-B518A11B8ED9}.Release|ARM.ActiveCfg = Release|Any CPU
		{8408B4B1-2C1D-4137-8AE9-B518A11B8ED9}.Release|ARM.Build.0 = Release|Any CPU
		{8408B4B1-2C1D-4137-8AE9-B518A11B8ED9}.Release|ARM64.ActiveCfg = Release|Any CPU
		{8408B4B1-2C1D-4137-8AE9-B518A11B8ED9}.Release|ARM64.Build.0 = Release|Any CPU
		{8408B4B1-2C1D-4137-8AE9-B518A11B8ED9}.Release|x64.ActiveCfg = Release|Any CPU
		{8408B4B1-2C1D-4137-8AE9-B518A11B8ED9}.Release|x64.Build.0 = Release|Any CPU
		{8408B4B1-2C1D-4137-8AE9-B518A11B8ED9}.Release|x86.ActiveCfg = Release|Any CPU
		{8408B4B1-2C1D-4137-8AE9-B518A11B8ED9}.Release|x86.Build.0 = Release|Any CPU
		{8408B4B1-2C1D-4137-8AE9-B518A11B8ED9}.RelWithDebInfo|Any CPU.ActiveCfg = Release|Any CPU
		{8408B4B1-2C1D-4137-8AE9-B518A11B8ED9}.RelWithDebInfo|Any CPU.Build.0 = Release|Any CPU
		{8408B4B1-2C1D-4137-8AE9-B518A11B8ED9}.RelWithDebInfo|ARM.ActiveCfg = Debug|Any CPU
		{8408B4B1-2C1D-4137-8AE9-B518A11B8ED9}.RelWithDebInfo|ARM.Build.0 = Debug|Any CPU
		{8408B4B1-2C1D-4137-8AE9-B518A11B8ED9}.RelWithDebInfo|ARM64.ActiveCfg = Debug|Any CPU
		{8408B4B1-2C1D-4137-8AE9-B518A11B8ED9}.RelWithDebInfo|ARM64.Build.0 = Debug|Any CPU
		{8408B4B1-2C1D-4137-8AE9-B518A11B8ED9}.RelWithDebInfo|x64.ActiveCfg = Release|Any CPU
		{8408B4B1-2C1D-4137-8AE9-B518A11B8ED9}.RelWithDebInfo|x64.Build.0 = Release|Any CPU
		{8408B4B1-2C1D-4137-8AE9-B518A11B8ED9}.RelWithDebInfo|x86.ActiveCfg = Release|Any CPU
		{8408B4B1-2C1D-4137-8AE9-B518A11B8ED9}.RelWithDebInfo|x86.Build.0 = Release|Any CPU
		{F5A163F6-462E-4493-AF64-1426B517E7F3}.Debug|Any CPU.ActiveCfg = Debug|Any CPU
		{F5A163F6-462E-4493-AF64-1426B517E7F3}.Debug|Any CPU.Build.0 = Debug|Any CPU
		{F5A163F6-462E-4493-AF64-1426B517E7F3}.Debug|ARM.ActiveCfg = Debug|Any CPU
		{F5A163F6-462E-4493-AF64-1426B517E7F3}.Debug|ARM.Build.0 = Debug|Any CPU
		{F5A163F6-462E-4493-AF64-1426B517E7F3}.Debug|ARM64.ActiveCfg = Debug|Any CPU
		{F5A163F6-462E-4493-AF64-1426B517E7F3}.Debug|ARM64.Build.0 = Debug|Any CPU
		{F5A163F6-462E-4493-AF64-1426B517E7F3}.Debug|x64.ActiveCfg = Debug|Any CPU
		{F5A163F6-462E-4493-AF64-1426B517E7F3}.Debug|x64.Build.0 = Debug|Any CPU
		{F5A163F6-462E-4493-AF64-1426B517E7F3}.Debug|x86.ActiveCfg = Debug|Any CPU
		{F5A163F6-462E-4493-AF64-1426B517E7F3}.Debug|x86.Build.0 = Debug|Any CPU
		{F5A163F6-462E-4493-AF64-1426B517E7F3}.MinSizeRel|Any CPU.ActiveCfg = Release|Any CPU
		{F5A163F6-462E-4493-AF64-1426B517E7F3}.MinSizeRel|Any CPU.Build.0 = Release|Any CPU
		{F5A163F6-462E-4493-AF64-1426B517E7F3}.MinSizeRel|ARM.ActiveCfg = Release|Any CPU
		{F5A163F6-462E-4493-AF64-1426B517E7F3}.MinSizeRel|ARM.Build.0 = Release|Any CPU
		{F5A163F6-462E-4493-AF64-1426B517E7F3}.MinSizeRel|ARM64.ActiveCfg = Release|Any CPU
		{F5A163F6-462E-4493-AF64-1426B517E7F3}.MinSizeRel|ARM64.Build.0 = Release|Any CPU
		{F5A163F6-462E-4493-AF64-1426B517E7F3}.MinSizeRel|x64.ActiveCfg = Release|Any CPU
		{F5A163F6-462E-4493-AF64-1426B517E7F3}.MinSizeRel|x64.Build.0 = Release|Any CPU
		{F5A163F6-462E-4493-AF64-1426B517E7F3}.MinSizeRel|x86.ActiveCfg = Release|Any CPU
		{F5A163F6-462E-4493-AF64-1426B517E7F3}.MinSizeRel|x86.Build.0 = Release|Any CPU
		{F5A163F6-462E-4493-AF64-1426B517E7F3}.Release|Any CPU.ActiveCfg = Release|Any CPU
		{F5A163F6-462E-4493-AF64-1426B517E7F3}.Release|Any CPU.Build.0 = Release|Any CPU
		{F5A163F6-462E-4493-AF64-1426B517E7F3}.Release|ARM.ActiveCfg = Release|Any CPU
		{F5A163F6-462E-4493-AF64-1426B517E7F3}.Release|ARM.Build.0 = Release|Any CPU
		{F5A163F6-462E-4493-AF64-1426B517E7F3}.Release|ARM64.ActiveCfg = Release|Any CPU
		{F5A163F6-462E-4493-AF64-1426B517E7F3}.Release|ARM64.Build.0 = Release|Any CPU
		{F5A163F6-462E-4493-AF64-1426B517E7F3}.Release|x64.ActiveCfg = Release|Any CPU
		{F5A163F6-462E-4493-AF64-1426B517E7F3}.Release|x64.Build.0 = Release|Any CPU
		{F5A163F6-462E-4493-AF64-1426B517E7F3}.Release|x86.ActiveCfg = Release|Any CPU
		{F5A163F6-462E-4493-AF64-1426B517E7F3}.Release|x86.Build.0 = Release|Any CPU
		{F5A163F6-462E-4493-AF64-1426B517E7F3}.RelWithDebInfo|Any CPU.ActiveCfg = Release|Any CPU
		{F5A163F6-462E-4493-AF64-1426B517E7F3}.RelWithDebInfo|Any CPU.Build.0 = Release|Any CPU
		{F5A163F6-462E-4493-AF64-1426B517E7F3}.RelWithDebInfo|ARM.ActiveCfg = Debug|Any CPU
		{F5A163F6-462E-4493-AF64-1426B517E7F3}.RelWithDebInfo|ARM.Build.0 = Debug|Any CPU
		{F5A163F6-462E-4493-AF64-1426B517E7F3}.RelWithDebInfo|ARM64.ActiveCfg = Debug|Any CPU
		{F5A163F6-462E-4493-AF64-1426B517E7F3}.RelWithDebInfo|ARM64.Build.0 = Debug|Any CPU
		{F5A163F6-462E-4493-AF64-1426B517E7F3}.RelWithDebInfo|x64.ActiveCfg = Release|Any CPU
		{F5A163F6-462E-4493-AF64-1426B517E7F3}.RelWithDebInfo|x64.Build.0 = Release|Any CPU
		{F5A163F6-462E-4493-AF64-1426B517E7F3}.RelWithDebInfo|x86.ActiveCfg = Release|Any CPU
		{F5A163F6-462E-4493-AF64-1426B517E7F3}.RelWithDebInfo|x86.Build.0 = Release|Any CPU
		{B2A86D45-0608-46FC-86B0-64EE7CAE4201}.Debug|Any CPU.ActiveCfg = Debug|Any CPU
		{B2A86D45-0608-46FC-86B0-64EE7CAE4201}.Debug|Any CPU.Build.0 = Debug|Any CPU
		{B2A86D45-0608-46FC-86B0-64EE7CAE4201}.Debug|ARM.ActiveCfg = Debug|Any CPU
		{B2A86D45-0608-46FC-86B0-64EE7CAE4201}.Debug|ARM.Build.0 = Debug|Any CPU
		{B2A86D45-0608-46FC-86B0-64EE7CAE4201}.Debug|ARM64.ActiveCfg = Debug|Any CPU
		{B2A86D45-0608-46FC-86B0-64EE7CAE4201}.Debug|ARM64.Build.0 = Debug|Any CPU
		{B2A86D45-0608-46FC-86B0-64EE7CAE4201}.Debug|x64.ActiveCfg = Debug|Any CPU
		{B2A86D45-0608-46FC-86B0-64EE7CAE4201}.Debug|x64.Build.0 = Debug|Any CPU
		{B2A86D45-0608-46FC-86B0-64EE7CAE4201}.Debug|x86.ActiveCfg = Debug|Any CPU
		{B2A86D45-0608-46FC-86B0-64EE7CAE4201}.Debug|x86.Build.0 = Debug|Any CPU
		{B2A86D45-0608-46FC-86B0-64EE7CAE4201}.MinSizeRel|Any CPU.ActiveCfg = Release|Any CPU
		{B2A86D45-0608-46FC-86B0-64EE7CAE4201}.MinSizeRel|Any CPU.Build.0 = Release|Any CPU
		{B2A86D45-0608-46FC-86B0-64EE7CAE4201}.MinSizeRel|ARM.ActiveCfg = Release|Any CPU
		{B2A86D45-0608-46FC-86B0-64EE7CAE4201}.MinSizeRel|ARM.Build.0 = Release|Any CPU
		{B2A86D45-0608-46FC-86B0-64EE7CAE4201}.MinSizeRel|ARM64.ActiveCfg = Release|Any CPU
		{B2A86D45-0608-46FC-86B0-64EE7CAE4201}.MinSizeRel|ARM64.Build.0 = Release|Any CPU
		{B2A86D45-0608-46FC-86B0-64EE7CAE4201}.MinSizeRel|x64.ActiveCfg = Release|Any CPU
		{B2A86D45-0608-46FC-86B0-64EE7CAE4201}.MinSizeRel|x64.Build.0 = Release|Any CPU
		{B2A86D45-0608-46FC-86B0-64EE7CAE4201}.MinSizeRel|x86.ActiveCfg = Release|Any CPU
		{B2A86D45-0608-46FC-86B0-64EE7CAE4201}.MinSizeRel|x86.Build.0 = Release|Any CPU
		{B2A86D45-0608-46FC-86B0-64EE7CAE4201}.Release|Any CPU.ActiveCfg = Release|Any CPU
		{B2A86D45-0608-46FC-86B0-64EE7CAE4201}.Release|Any CPU.Build.0 = Release|Any CPU
		{B2A86D45-0608-46FC-86B0-64EE7CAE4201}.Release|ARM.ActiveCfg = Release|Any CPU
		{B2A86D45-0608-46FC-86B0-64EE7CAE4201}.Release|ARM.Build.0 = Release|Any CPU
		{B2A86D45-0608-46FC-86B0-64EE7CAE4201}.Release|ARM64.ActiveCfg = Release|Any CPU
		{B2A86D45-0608-46FC-86B0-64EE7CAE4201}.Release|ARM64.Build.0 = Release|Any CPU
		{B2A86D45-0608-46FC-86B0-64EE7CAE4201}.Release|x64.ActiveCfg = Release|Any CPU
		{B2A86D45-0608-46FC-86B0-64EE7CAE4201}.Release|x64.Build.0 = Release|Any CPU
		{B2A86D45-0608-46FC-86B0-64EE7CAE4201}.Release|x86.ActiveCfg = Release|Any CPU
		{B2A86D45-0608-46FC-86B0-64EE7CAE4201}.Release|x86.Build.0 = Release|Any CPU
		{B2A86D45-0608-46FC-86B0-64EE7CAE4201}.RelWithDebInfo|Any CPU.ActiveCfg = Release|Any CPU
		{B2A86D45-0608-46FC-86B0-64EE7CAE4201}.RelWithDebInfo|Any CPU.Build.0 = Release|Any CPU
		{B2A86D45-0608-46FC-86B0-64EE7CAE4201}.RelWithDebInfo|ARM.ActiveCfg = Debug|Any CPU
		{B2A86D45-0608-46FC-86B0-64EE7CAE4201}.RelWithDebInfo|ARM.Build.0 = Debug|Any CPU
		{B2A86D45-0608-46FC-86B0-64EE7CAE4201}.RelWithDebInfo|ARM64.ActiveCfg = Debug|Any CPU
		{B2A86D45-0608-46FC-86B0-64EE7CAE4201}.RelWithDebInfo|ARM64.Build.0 = Debug|Any CPU
		{B2A86D45-0608-46FC-86B0-64EE7CAE4201}.RelWithDebInfo|x64.ActiveCfg = Release|Any CPU
		{B2A86D45-0608-46FC-86B0-64EE7CAE4201}.RelWithDebInfo|x64.Build.0 = Release|Any CPU
		{B2A86D45-0608-46FC-86B0-64EE7CAE4201}.RelWithDebInfo|x86.ActiveCfg = Release|Any CPU
		{B2A86D45-0608-46FC-86B0-64EE7CAE4201}.RelWithDebInfo|x86.Build.0 = Release|Any CPU
		{2F693993-C59F-4D7C-961C-2E2CEF74AA06}.Debug|Any CPU.ActiveCfg = Debug|Any CPU
		{2F693993-C59F-4D7C-961C-2E2CEF74AA06}.Debug|Any CPU.Build.0 = Debug|Any CPU
		{2F693993-C59F-4D7C-961C-2E2CEF74AA06}.Debug|ARM.ActiveCfg = Debug|Any CPU
		{2F693993-C59F-4D7C-961C-2E2CEF74AA06}.Debug|ARM.Build.0 = Debug|Any CPU
		{2F693993-C59F-4D7C-961C-2E2CEF74AA06}.Debug|ARM64.ActiveCfg = Debug|Any CPU
		{2F693993-C59F-4D7C-961C-2E2CEF74AA06}.Debug|ARM64.Build.0 = Debug|Any CPU
		{2F693993-C59F-4D7C-961C-2E2CEF74AA06}.Debug|x64.ActiveCfg = Debug|x64
		{2F693993-C59F-4D7C-961C-2E2CEF74AA06}.Debug|x64.Build.0 = Debug|x64
		{2F693993-C59F-4D7C-961C-2E2CEF74AA06}.Debug|x86.ActiveCfg = Debug|Any CPU
		{2F693993-C59F-4D7C-961C-2E2CEF74AA06}.Debug|x86.Build.0 = Debug|Any CPU
		{2F693993-C59F-4D7C-961C-2E2CEF74AA06}.MinSizeRel|Any CPU.ActiveCfg = Release|Any CPU
		{2F693993-C59F-4D7C-961C-2E2CEF74AA06}.MinSizeRel|Any CPU.Build.0 = Release|Any CPU
		{2F693993-C59F-4D7C-961C-2E2CEF74AA06}.MinSizeRel|ARM.ActiveCfg = Release|Any CPU
		{2F693993-C59F-4D7C-961C-2E2CEF74AA06}.MinSizeRel|ARM.Build.0 = Release|Any CPU
		{2F693993-C59F-4D7C-961C-2E2CEF74AA06}.MinSizeRel|ARM64.ActiveCfg = Release|Any CPU
		{2F693993-C59F-4D7C-961C-2E2CEF74AA06}.MinSizeRel|ARM64.Build.0 = Release|Any CPU
		{2F693993-C59F-4D7C-961C-2E2CEF74AA06}.MinSizeRel|x64.ActiveCfg = Release|x64
		{2F693993-C59F-4D7C-961C-2E2CEF74AA06}.MinSizeRel|x64.Build.0 = Release|x64
		{2F693993-C59F-4D7C-961C-2E2CEF74AA06}.MinSizeRel|x86.ActiveCfg = Release|Any CPU
		{2F693993-C59F-4D7C-961C-2E2CEF74AA06}.MinSizeRel|x86.Build.0 = Release|Any CPU
		{2F693993-C59F-4D7C-961C-2E2CEF74AA06}.Release|Any CPU.ActiveCfg = Release|Any CPU
		{2F693993-C59F-4D7C-961C-2E2CEF74AA06}.Release|Any CPU.Build.0 = Release|Any CPU
		{2F693993-C59F-4D7C-961C-2E2CEF74AA06}.Release|ARM.ActiveCfg = Release|Any CPU
		{2F693993-C59F-4D7C-961C-2E2CEF74AA06}.Release|ARM.Build.0 = Release|Any CPU
		{2F693993-C59F-4D7C-961C-2E2CEF74AA06}.Release|ARM64.ActiveCfg = Release|Any CPU
		{2F693993-C59F-4D7C-961C-2E2CEF74AA06}.Release|ARM64.Build.0 = Release|Any CPU
		{2F693993-C59F-4D7C-961C-2E2CEF74AA06}.Release|x64.ActiveCfg = Release|x64
		{2F693993-C59F-4D7C-961C-2E2CEF74AA06}.Release|x64.Build.0 = Release|x64
		{2F693993-C59F-4D7C-961C-2E2CEF74AA06}.Release|x86.ActiveCfg = Release|Any CPU
		{2F693993-C59F-4D7C-961C-2E2CEF74AA06}.Release|x86.Build.0 = Release|Any CPU
		{2F693993-C59F-4D7C-961C-2E2CEF74AA06}.RelWithDebInfo|Any CPU.ActiveCfg = Release|Any CPU
		{2F693993-C59F-4D7C-961C-2E2CEF74AA06}.RelWithDebInfo|Any CPU.Build.0 = Release|Any CPU
		{2F693993-C59F-4D7C-961C-2E2CEF74AA06}.RelWithDebInfo|ARM.ActiveCfg = Debug|Any CPU
		{2F693993-C59F-4D7C-961C-2E2CEF74AA06}.RelWithDebInfo|ARM.Build.0 = Debug|Any CPU
		{2F693993-C59F-4D7C-961C-2E2CEF74AA06}.RelWithDebInfo|ARM64.ActiveCfg = Debug|Any CPU
		{2F693993-C59F-4D7C-961C-2E2CEF74AA06}.RelWithDebInfo|ARM64.Build.0 = Debug|Any CPU
		{2F693993-C59F-4D7C-961C-2E2CEF74AA06}.RelWithDebInfo|x64.ActiveCfg = Release|x64
		{2F693993-C59F-4D7C-961C-2E2CEF74AA06}.RelWithDebInfo|x64.Build.0 = Release|x64
		{2F693993-C59F-4D7C-961C-2E2CEF74AA06}.RelWithDebInfo|x86.ActiveCfg = Release|Any CPU
		{2F693993-C59F-4D7C-961C-2E2CEF74AA06}.RelWithDebInfo|x86.Build.0 = Release|Any CPU
		{89F1B527-380B-4C94-9EB0-20137F485A17}.Debug|Any CPU.ActiveCfg = Debug|Any CPU
		{89F1B527-380B-4C94-9EB0-20137F485A17}.Debug|Any CPU.Build.0 = Debug|Any CPU
		{89F1B527-380B-4C94-9EB0-20137F485A17}.Debug|ARM.ActiveCfg = Debug|Any CPU
		{89F1B527-380B-4C94-9EB0-20137F485A17}.Debug|ARM.Build.0 = Debug|Any CPU
		{89F1B527-380B-4C94-9EB0-20137F485A17}.Debug|ARM64.ActiveCfg = Debug|Any CPU
		{89F1B527-380B-4C94-9EB0-20137F485A17}.Debug|ARM64.Build.0 = Debug|Any CPU
		{89F1B527-380B-4C94-9EB0-20137F485A17}.Debug|x64.ActiveCfg = Debug|Any CPU
		{89F1B527-380B-4C94-9EB0-20137F485A17}.Debug|x64.Build.0 = Debug|Any CPU
		{89F1B527-380B-4C94-9EB0-20137F485A17}.Debug|x86.ActiveCfg = Debug|Any CPU
		{89F1B527-380B-4C94-9EB0-20137F485A17}.Debug|x86.Build.0 = Debug|Any CPU
		{89F1B527-380B-4C94-9EB0-20137F485A17}.MinSizeRel|Any CPU.ActiveCfg = Release|Any CPU
		{89F1B527-380B-4C94-9EB0-20137F485A17}.MinSizeRel|Any CPU.Build.0 = Release|Any CPU
		{89F1B527-380B-4C94-9EB0-20137F485A17}.MinSizeRel|ARM.ActiveCfg = Release|Any CPU
		{89F1B527-380B-4C94-9EB0-20137F485A17}.MinSizeRel|ARM.Build.0 = Release|Any CPU
		{89F1B527-380B-4C94-9EB0-20137F485A17}.MinSizeRel|ARM64.ActiveCfg = Release|Any CPU
		{89F1B527-380B-4C94-9EB0-20137F485A17}.MinSizeRel|ARM64.Build.0 = Release|Any CPU
		{89F1B527-380B-4C94-9EB0-20137F485A17}.MinSizeRel|x64.ActiveCfg = Release|Any CPU
		{89F1B527-380B-4C94-9EB0-20137F485A17}.MinSizeRel|x64.Build.0 = Release|Any CPU
		{89F1B527-380B-4C94-9EB0-20137F485A17}.MinSizeRel|x86.ActiveCfg = Release|Any CPU
		{89F1B527-380B-4C94-9EB0-20137F485A17}.MinSizeRel|x86.Build.0 = Release|Any CPU
		{89F1B527-380B-4C94-9EB0-20137F485A17}.Release|Any CPU.ActiveCfg = Release|Any CPU
		{89F1B527-380B-4C94-9EB0-20137F485A17}.Release|Any CPU.Build.0 = Release|Any CPU
		{89F1B527-380B-4C94-9EB0-20137F485A17}.Release|ARM.ActiveCfg = Release|Any CPU
		{89F1B527-380B-4C94-9EB0-20137F485A17}.Release|ARM.Build.0 = Release|Any CPU
		{89F1B527-380B-4C94-9EB0-20137F485A17}.Release|ARM64.ActiveCfg = Release|Any CPU
		{89F1B527-380B-4C94-9EB0-20137F485A17}.Release|ARM64.Build.0 = Release|Any CPU
		{89F1B527-380B-4C94-9EB0-20137F485A17}.Release|x64.ActiveCfg = Release|Any CPU
		{89F1B527-380B-4C94-9EB0-20137F485A17}.Release|x64.Build.0 = Release|Any CPU
		{89F1B527-380B-4C94-9EB0-20137F485A17}.Release|x86.ActiveCfg = Release|Any CPU
		{89F1B527-380B-4C94-9EB0-20137F485A17}.Release|x86.Build.0 = Release|Any CPU
		{89F1B527-380B-4C94-9EB0-20137F485A17}.RelWithDebInfo|Any CPU.ActiveCfg = Release|Any CPU
		{89F1B527-380B-4C94-9EB0-20137F485A17}.RelWithDebInfo|Any CPU.Build.0 = Release|Any CPU
		{89F1B527-380B-4C94-9EB0-20137F485A17}.RelWithDebInfo|ARM.ActiveCfg = Debug|Any CPU
		{89F1B527-380B-4C94-9EB0-20137F485A17}.RelWithDebInfo|ARM.Build.0 = Debug|Any CPU
		{89F1B527-380B-4C94-9EB0-20137F485A17}.RelWithDebInfo|ARM64.ActiveCfg = Debug|Any CPU
		{89F1B527-380B-4C94-9EB0-20137F485A17}.RelWithDebInfo|ARM64.Build.0 = Debug|Any CPU
		{89F1B527-380B-4C94-9EB0-20137F485A17}.RelWithDebInfo|x64.ActiveCfg = Release|Any CPU
		{89F1B527-380B-4C94-9EB0-20137F485A17}.RelWithDebInfo|x64.Build.0 = Release|Any CPU
		{89F1B527-380B-4C94-9EB0-20137F485A17}.RelWithDebInfo|x86.ActiveCfg = Release|Any CPU
		{89F1B527-380B-4C94-9EB0-20137F485A17}.RelWithDebInfo|x86.Build.0 = Release|Any CPU
		{44020AD4-A1DE-4C21-A11A-65F965815B30}.Debug|Any CPU.ActiveCfg = Debug|Any CPU
		{44020AD4-A1DE-4C21-A11A-65F965815B30}.Debug|Any CPU.Build.0 = Debug|Any CPU
		{44020AD4-A1DE-4C21-A11A-65F965815B30}.Debug|ARM.ActiveCfg = Debug|Any CPU
		{44020AD4-A1DE-4C21-A11A-65F965815B30}.Debug|ARM.Build.0 = Debug|Any CPU
		{44020AD4-A1DE-4C21-A11A-65F965815B30}.Debug|ARM64.ActiveCfg = Debug|Any CPU
		{44020AD4-A1DE-4C21-A11A-65F965815B30}.Debug|ARM64.Build.0 = Debug|Any CPU
		{44020AD4-A1DE-4C21-A11A-65F965815B30}.Debug|x64.ActiveCfg = Debug|Any CPU
		{44020AD4-A1DE-4C21-A11A-65F965815B30}.Debug|x64.Build.0 = Debug|Any CPU
		{44020AD4-A1DE-4C21-A11A-65F965815B30}.Debug|x86.ActiveCfg = Debug|Any CPU
		{44020AD4-A1DE-4C21-A11A-65F965815B30}.Debug|x86.Build.0 = Debug|Any CPU
		{44020AD4-A1DE-4C21-A11A-65F965815B30}.MinSizeRel|Any CPU.ActiveCfg = Release|Any CPU
		{44020AD4-A1DE-4C21-A11A-65F965815B30}.MinSizeRel|Any CPU.Build.0 = Release|Any CPU
		{44020AD4-A1DE-4C21-A11A-65F965815B30}.MinSizeRel|ARM.ActiveCfg = Release|Any CPU
		{44020AD4-A1DE-4C21-A11A-65F965815B30}.MinSizeRel|ARM.Build.0 = Release|Any CPU
		{44020AD4-A1DE-4C21-A11A-65F965815B30}.MinSizeRel|ARM64.ActiveCfg = Release|Any CPU
		{44020AD4-A1DE-4C21-A11A-65F965815B30}.MinSizeRel|ARM64.Build.0 = Release|Any CPU
		{44020AD4-A1DE-4C21-A11A-65F965815B30}.MinSizeRel|x64.ActiveCfg = Release|Any CPU
		{44020AD4-A1DE-4C21-A11A-65F965815B30}.MinSizeRel|x64.Build.0 = Release|Any CPU
		{44020AD4-A1DE-4C21-A11A-65F965815B30}.MinSizeRel|x86.ActiveCfg = Release|Any CPU
		{44020AD4-A1DE-4C21-A11A-65F965815B30}.MinSizeRel|x86.Build.0 = Release|Any CPU
		{44020AD4-A1DE-4C21-A11A-65F965815B30}.Release|Any CPU.ActiveCfg = Release|Any CPU
		{44020AD4-A1DE-4C21-A11A-65F965815B30}.Release|Any CPU.Build.0 = Release|Any CPU
		{44020AD4-A1DE-4C21-A11A-65F965815B30}.Release|ARM.ActiveCfg = Release|Any CPU
		{44020AD4-A1DE-4C21-A11A-65F965815B30}.Release|ARM.Build.0 = Release|Any CPU
		{44020AD4-A1DE-4C21-A11A-65F965815B30}.Release|ARM64.ActiveCfg = Release|Any CPU
		{44020AD4-A1DE-4C21-A11A-65F965815B30}.Release|ARM64.Build.0 = Release|Any CPU
		{44020AD4-A1DE-4C21-A11A-65F965815B30}.Release|x64.ActiveCfg = Release|Any CPU
		{44020AD4-A1DE-4C21-A11A-65F965815B30}.Release|x64.Build.0 = Release|Any CPU
		{44020AD4-A1DE-4C21-A11A-65F965815B30}.Release|x86.ActiveCfg = Release|Any CPU
		{44020AD4-A1DE-4C21-A11A-65F965815B30}.Release|x86.Build.0 = Release|Any CPU
		{44020AD4-A1DE-4C21-A11A-65F965815B30}.RelWithDebInfo|Any CPU.ActiveCfg = Release|Any CPU
		{44020AD4-A1DE-4C21-A11A-65F965815B30}.RelWithDebInfo|Any CPU.Build.0 = Release|Any CPU
		{44020AD4-A1DE-4C21-A11A-65F965815B30}.RelWithDebInfo|ARM.ActiveCfg = Debug|Any CPU
		{44020AD4-A1DE-4C21-A11A-65F965815B30}.RelWithDebInfo|ARM.Build.0 = Debug|Any CPU
		{44020AD4-A1DE-4C21-A11A-65F965815B30}.RelWithDebInfo|ARM64.ActiveCfg = Debug|Any CPU
		{44020AD4-A1DE-4C21-A11A-65F965815B30}.RelWithDebInfo|ARM64.Build.0 = Debug|Any CPU
		{44020AD4-A1DE-4C21-A11A-65F965815B30}.RelWithDebInfo|x64.ActiveCfg = Release|Any CPU
		{44020AD4-A1DE-4C21-A11A-65F965815B30}.RelWithDebInfo|x64.Build.0 = Release|Any CPU
		{44020AD4-A1DE-4C21-A11A-65F965815B30}.RelWithDebInfo|x86.ActiveCfg = Release|Any CPU
		{44020AD4-A1DE-4C21-A11A-65F965815B30}.RelWithDebInfo|x86.Build.0 = Release|Any CPU
		{C49D0524-46C2-435D-AA23-B991BF645A0D}.Debug|Any CPU.ActiveCfg = Debug|Any CPU
		{C49D0524-46C2-435D-AA23-B991BF645A0D}.Debug|Any CPU.Build.0 = Debug|Any CPU
		{C49D0524-46C2-435D-AA23-B991BF645A0D}.Debug|ARM.ActiveCfg = Debug|Any CPU
		{C49D0524-46C2-435D-AA23-B991BF645A0D}.Debug|ARM.Build.0 = Debug|Any CPU
		{C49D0524-46C2-435D-AA23-B991BF645A0D}.Debug|ARM64.ActiveCfg = Debug|Any CPU
		{C49D0524-46C2-435D-AA23-B991BF645A0D}.Debug|ARM64.Build.0 = Debug|Any CPU
		{C49D0524-46C2-435D-AA23-B991BF645A0D}.Debug|x64.ActiveCfg = Debug|Any CPU
		{C49D0524-46C2-435D-AA23-B991BF645A0D}.Debug|x64.Build.0 = Debug|Any CPU
		{C49D0524-46C2-435D-AA23-B991BF645A0D}.Debug|x86.ActiveCfg = Debug|Any CPU
		{C49D0524-46C2-435D-AA23-B991BF645A0D}.Debug|x86.Build.0 = Debug|Any CPU
		{C49D0524-46C2-435D-AA23-B991BF645A0D}.MinSizeRel|Any CPU.ActiveCfg = Release|Any CPU
		{C49D0524-46C2-435D-AA23-B991BF645A0D}.MinSizeRel|Any CPU.Build.0 = Release|Any CPU
		{C49D0524-46C2-435D-AA23-B991BF645A0D}.MinSizeRel|ARM.ActiveCfg = Release|Any CPU
		{C49D0524-46C2-435D-AA23-B991BF645A0D}.MinSizeRel|ARM.Build.0 = Release|Any CPU
		{C49D0524-46C2-435D-AA23-B991BF645A0D}.MinSizeRel|ARM64.ActiveCfg = Release|Any CPU
		{C49D0524-46C2-435D-AA23-B991BF645A0D}.MinSizeRel|ARM64.Build.0 = Release|Any CPU
		{C49D0524-46C2-435D-AA23-B991BF645A0D}.MinSizeRel|x64.ActiveCfg = Release|Any CPU
		{C49D0524-46C2-435D-AA23-B991BF645A0D}.MinSizeRel|x64.Build.0 = Release|Any CPU
		{C49D0524-46C2-435D-AA23-B991BF645A0D}.MinSizeRel|x86.ActiveCfg = Release|Any CPU
		{C49D0524-46C2-435D-AA23-B991BF645A0D}.MinSizeRel|x86.Build.0 = Release|Any CPU
		{C49D0524-46C2-435D-AA23-B991BF645A0D}.Release|Any CPU.ActiveCfg = Release|Any CPU
		{C49D0524-46C2-435D-AA23-B991BF645A0D}.Release|Any CPU.Build.0 = Release|Any CPU
		{C49D0524-46C2-435D-AA23-B991BF645A0D}.Release|ARM.ActiveCfg = Release|Any CPU
		{C49D0524-46C2-435D-AA23-B991BF645A0D}.Release|ARM.Build.0 = Release|Any CPU
		{C49D0524-46C2-435D-AA23-B991BF645A0D}.Release|ARM64.ActiveCfg = Release|Any CPU
		{C49D0524-46C2-435D-AA23-B991BF645A0D}.Release|ARM64.Build.0 = Release|Any CPU
		{C49D0524-46C2-435D-AA23-B991BF645A0D}.Release|x64.ActiveCfg = Release|Any CPU
		{C49D0524-46C2-435D-AA23-B991BF645A0D}.Release|x64.Build.0 = Release|Any CPU
		{C49D0524-46C2-435D-AA23-B991BF645A0D}.Release|x86.ActiveCfg = Release|Any CPU
		{C49D0524-46C2-435D-AA23-B991BF645A0D}.Release|x86.Build.0 = Release|Any CPU
		{C49D0524-46C2-435D-AA23-B991BF645A0D}.RelWithDebInfo|Any CPU.ActiveCfg = Release|Any CPU
		{C49D0524-46C2-435D-AA23-B991BF645A0D}.RelWithDebInfo|Any CPU.Build.0 = Release|Any CPU
		{C49D0524-46C2-435D-AA23-B991BF645A0D}.RelWithDebInfo|ARM.ActiveCfg = Debug|Any CPU
		{C49D0524-46C2-435D-AA23-B991BF645A0D}.RelWithDebInfo|ARM.Build.0 = Debug|Any CPU
		{C49D0524-46C2-435D-AA23-B991BF645A0D}.RelWithDebInfo|ARM64.ActiveCfg = Debug|Any CPU
		{C49D0524-46C2-435D-AA23-B991BF645A0D}.RelWithDebInfo|ARM64.Build.0 = Debug|Any CPU
		{C49D0524-46C2-435D-AA23-B991BF645A0D}.RelWithDebInfo|x64.ActiveCfg = Release|Any CPU
		{C49D0524-46C2-435D-AA23-B991BF645A0D}.RelWithDebInfo|x64.Build.0 = Release|Any CPU
		{C49D0524-46C2-435D-AA23-B991BF645A0D}.RelWithDebInfo|x86.ActiveCfg = Release|Any CPU
		{C49D0524-46C2-435D-AA23-B991BF645A0D}.RelWithDebInfo|x86.Build.0 = Release|Any CPU
		{AB02A62F-D7F2-4502-8E2B-E7FD411EDDC6}.Debug|Any CPU.ActiveCfg = Debug|Any CPU
		{AB02A62F-D7F2-4502-8E2B-E7FD411EDDC6}.Debug|Any CPU.Build.0 = Debug|Any CPU
		{AB02A62F-D7F2-4502-8E2B-E7FD411EDDC6}.Debug|ARM.ActiveCfg = Debug|Any CPU
		{AB02A62F-D7F2-4502-8E2B-E7FD411EDDC6}.Debug|ARM.Build.0 = Debug|Any CPU
		{AB02A62F-D7F2-4502-8E2B-E7FD411EDDC6}.Debug|ARM64.ActiveCfg = Debug|Any CPU
		{AB02A62F-D7F2-4502-8E2B-E7FD411EDDC6}.Debug|ARM64.Build.0 = Debug|Any CPU
		{AB02A62F-D7F2-4502-8E2B-E7FD411EDDC6}.Debug|x64.ActiveCfg = Debug|Any CPU
		{AB02A62F-D7F2-4502-8E2B-E7FD411EDDC6}.Debug|x64.Build.0 = Debug|Any CPU
		{AB02A62F-D7F2-4502-8E2B-E7FD411EDDC6}.Debug|x86.ActiveCfg = Debug|Any CPU
		{AB02A62F-D7F2-4502-8E2B-E7FD411EDDC6}.Debug|x86.Build.0 = Debug|Any CPU
		{AB02A62F-D7F2-4502-8E2B-E7FD411EDDC6}.MinSizeRel|Any CPU.ActiveCfg = Release|Any CPU
		{AB02A62F-D7F2-4502-8E2B-E7FD411EDDC6}.MinSizeRel|Any CPU.Build.0 = Release|Any CPU
		{AB02A62F-D7F2-4502-8E2B-E7FD411EDDC6}.MinSizeRel|ARM.ActiveCfg = Release|Any CPU
		{AB02A62F-D7F2-4502-8E2B-E7FD411EDDC6}.MinSizeRel|ARM.Build.0 = Release|Any CPU
		{AB02A62F-D7F2-4502-8E2B-E7FD411EDDC6}.MinSizeRel|ARM64.ActiveCfg = Release|Any CPU
		{AB02A62F-D7F2-4502-8E2B-E7FD411EDDC6}.MinSizeRel|ARM64.Build.0 = Release|Any CPU
		{AB02A62F-D7F2-4502-8E2B-E7FD411EDDC6}.MinSizeRel|x64.ActiveCfg = Release|Any CPU
		{AB02A62F-D7F2-4502-8E2B-E7FD411EDDC6}.MinSizeRel|x64.Build.0 = Release|Any CPU
		{AB02A62F-D7F2-4502-8E2B-E7FD411EDDC6}.MinSizeRel|x86.ActiveCfg = Release|Any CPU
		{AB02A62F-D7F2-4502-8E2B-E7FD411EDDC6}.MinSizeRel|x86.Build.0 = Release|Any CPU
		{AB02A62F-D7F2-4502-8E2B-E7FD411EDDC6}.Release|Any CPU.ActiveCfg = Release|Any CPU
		{AB02A62F-D7F2-4502-8E2B-E7FD411EDDC6}.Release|Any CPU.Build.0 = Release|Any CPU
		{AB02A62F-D7F2-4502-8E2B-E7FD411EDDC6}.Release|ARM.ActiveCfg = Release|Any CPU
		{AB02A62F-D7F2-4502-8E2B-E7FD411EDDC6}.Release|ARM.Build.0 = Release|Any CPU
		{AB02A62F-D7F2-4502-8E2B-E7FD411EDDC6}.Release|ARM64.ActiveCfg = Release|Any CPU
		{AB02A62F-D7F2-4502-8E2B-E7FD411EDDC6}.Release|ARM64.Build.0 = Release|Any CPU
		{AB02A62F-D7F2-4502-8E2B-E7FD411EDDC6}.Release|x64.ActiveCfg = Release|Any CPU
		{AB02A62F-D7F2-4502-8E2B-E7FD411EDDC6}.Release|x64.Build.0 = Release|Any CPU
		{AB02A62F-D7F2-4502-8E2B-E7FD411EDDC6}.Release|x86.ActiveCfg = Release|Any CPU
		{AB02A62F-D7F2-4502-8E2B-E7FD411EDDC6}.Release|x86.Build.0 = Release|Any CPU
		{AB02A62F-D7F2-4502-8E2B-E7FD411EDDC6}.RelWithDebInfo|Any CPU.ActiveCfg = Release|Any CPU
		{AB02A62F-D7F2-4502-8E2B-E7FD411EDDC6}.RelWithDebInfo|Any CPU.Build.0 = Release|Any CPU
		{AB02A62F-D7F2-4502-8E2B-E7FD411EDDC6}.RelWithDebInfo|ARM.ActiveCfg = Debug|Any CPU
		{AB02A62F-D7F2-4502-8E2B-E7FD411EDDC6}.RelWithDebInfo|ARM.Build.0 = Debug|Any CPU
		{AB02A62F-D7F2-4502-8E2B-E7FD411EDDC6}.RelWithDebInfo|ARM64.ActiveCfg = Debug|Any CPU
		{AB02A62F-D7F2-4502-8E2B-E7FD411EDDC6}.RelWithDebInfo|ARM64.Build.0 = Debug|Any CPU
		{AB02A62F-D7F2-4502-8E2B-E7FD411EDDC6}.RelWithDebInfo|x64.ActiveCfg = Release|Any CPU
		{AB02A62F-D7F2-4502-8E2B-E7FD411EDDC6}.RelWithDebInfo|x64.Build.0 = Release|Any CPU
		{AB02A62F-D7F2-4502-8E2B-E7FD411EDDC6}.RelWithDebInfo|x86.ActiveCfg = Release|Any CPU
		{AB02A62F-D7F2-4502-8E2B-E7FD411EDDC6}.RelWithDebInfo|x86.Build.0 = Release|Any CPU
		{ECED9827-8622-30CA-B167-B506A2F33C44}.Debug|Any CPU.ActiveCfg = Debug|x64
		{ECED9827-8622-30CA-B167-B506A2F33C44}.Debug|Any CPU.Build.0 = Debug|x64
		{ECED9827-8622-30CA-B167-B506A2F33C44}.Debug|ARM.ActiveCfg = Debug|ARM
		{ECED9827-8622-30CA-B167-B506A2F33C44}.Debug|ARM.Build.0 = Debug|ARM
		{ECED9827-8622-30CA-B167-B506A2F33C44}.Debug|ARM64.ActiveCfg = Debug|x64
		{ECED9827-8622-30CA-B167-B506A2F33C44}.Debug|ARM64.Build.0 = Debug|x64
		{ECED9827-8622-30CA-B167-B506A2F33C44}.Debug|x64.ActiveCfg = Debug|x64
		{ECED9827-8622-30CA-B167-B506A2F33C44}.Debug|x64.Build.0 = Debug|x64
		{ECED9827-8622-30CA-B167-B506A2F33C44}.Debug|x86.ActiveCfg = Debug|x64
		{ECED9827-8622-30CA-B167-B506A2F33C44}.Debug|x86.Build.0 = Debug|x64
		{ECED9827-8622-30CA-B167-B506A2F33C44}.MinSizeRel|Any CPU.ActiveCfg = MinSizeRel|x64
		{ECED9827-8622-30CA-B167-B506A2F33C44}.MinSizeRel|Any CPU.Build.0 = MinSizeRel|x64
		{ECED9827-8622-30CA-B167-B506A2F33C44}.MinSizeRel|ARM.ActiveCfg = MinSizeRel|ARM
		{ECED9827-8622-30CA-B167-B506A2F33C44}.MinSizeRel|ARM.Build.0 = MinSizeRel|ARM
		{ECED9827-8622-30CA-B167-B506A2F33C44}.MinSizeRel|ARM64.ActiveCfg = MinSizeRel|x64
		{ECED9827-8622-30CA-B167-B506A2F33C44}.MinSizeRel|ARM64.Build.0 = MinSizeRel|x64
		{ECED9827-8622-30CA-B167-B506A2F33C44}.MinSizeRel|x64.ActiveCfg = MinSizeRel|x64
		{ECED9827-8622-30CA-B167-B506A2F33C44}.MinSizeRel|x64.Build.0 = MinSizeRel|x64
		{ECED9827-8622-30CA-B167-B506A2F33C44}.MinSizeRel|x86.ActiveCfg = MinSizeRel|x64
		{ECED9827-8622-30CA-B167-B506A2F33C44}.MinSizeRel|x86.Build.0 = MinSizeRel|x64
		{ECED9827-8622-30CA-B167-B506A2F33C44}.Release|Any CPU.ActiveCfg = Release|x64
		{ECED9827-8622-30CA-B167-B506A2F33C44}.Release|Any CPU.Build.0 = Release|x64
		{ECED9827-8622-30CA-B167-B506A2F33C44}.Release|ARM.ActiveCfg = Release|ARM
		{ECED9827-8622-30CA-B167-B506A2F33C44}.Release|ARM.Build.0 = Release|ARM
		{ECED9827-8622-30CA-B167-B506A2F33C44}.Release|ARM64.ActiveCfg = Release|x64
		{ECED9827-8622-30CA-B167-B506A2F33C44}.Release|ARM64.Build.0 = Release|x64
		{ECED9827-8622-30CA-B167-B506A2F33C44}.Release|x64.ActiveCfg = Release|x64
		{ECED9827-8622-30CA-B167-B506A2F33C44}.Release|x64.Build.0 = Release|x64
		{ECED9827-8622-30CA-B167-B506A2F33C44}.Release|x86.ActiveCfg = Release|x64
		{ECED9827-8622-30CA-B167-B506A2F33C44}.Release|x86.Build.0 = Release|x64
		{ECED9827-8622-30CA-B167-B506A2F33C44}.RelWithDebInfo|Any CPU.ActiveCfg = RelWithDebInfo|x64
		{ECED9827-8622-30CA-B167-B506A2F33C44}.RelWithDebInfo|Any CPU.Build.0 = RelWithDebInfo|x64
		{ECED9827-8622-30CA-B167-B506A2F33C44}.RelWithDebInfo|ARM.ActiveCfg = RelWithDebInfo|ARM
		{ECED9827-8622-30CA-B167-B506A2F33C44}.RelWithDebInfo|ARM.Build.0 = RelWithDebInfo|ARM
		{ECED9827-8622-30CA-B167-B506A2F33C44}.RelWithDebInfo|ARM64.ActiveCfg = RelWithDebInfo|x64
		{ECED9827-8622-30CA-B167-B506A2F33C44}.RelWithDebInfo|ARM64.Build.0 = RelWithDebInfo|x64
		{ECED9827-8622-30CA-B167-B506A2F33C44}.RelWithDebInfo|x64.ActiveCfg = RelWithDebInfo|x64
		{ECED9827-8622-30CA-B167-B506A2F33C44}.RelWithDebInfo|x64.Build.0 = RelWithDebInfo|x64
		{ECED9827-8622-30CA-B167-B506A2F33C44}.RelWithDebInfo|x86.ActiveCfg = RelWithDebInfo|x64
		{ECED9827-8622-30CA-B167-B506A2F33C44}.RelWithDebInfo|x86.Build.0 = RelWithDebInfo|x64
		{E3671798-1BAC-4B94-80F8-0A567758C0B8}.Debug|Any CPU.ActiveCfg = Debug|x64
		{E3671798-1BAC-4B94-80F8-0A567758C0B8}.Debug|Any CPU.Build.0 = Debug|x64
		{E3671798-1BAC-4B94-80F8-0A567758C0B8}.Debug|ARM.ActiveCfg = Debug|x64
		{E3671798-1BAC-4B94-80F8-0A567758C0B8}.Debug|ARM64.ActiveCfg = Debug|x64
		{E3671798-1BAC-4B94-80F8-0A567758C0B8}.Debug|x64.ActiveCfg = Debug|x64
		{E3671798-1BAC-4B94-80F8-0A567758C0B8}.Debug|x64.Build.0 = Debug|x64
		{E3671798-1BAC-4B94-80F8-0A567758C0B8}.Debug|x86.ActiveCfg = Debug|x64
		{E3671798-1BAC-4B94-80F8-0A567758C0B8}.MinSizeRel|Any CPU.ActiveCfg = Release|x64
		{E3671798-1BAC-4B94-80F8-0A567758C0B8}.MinSizeRel|ARM.ActiveCfg = Release|x64
		{E3671798-1BAC-4B94-80F8-0A567758C0B8}.MinSizeRel|ARM64.ActiveCfg = Release|x64
		{E3671798-1BAC-4B94-80F8-0A567758C0B8}.MinSizeRel|x64.ActiveCfg = Release|x64
		{E3671798-1BAC-4B94-80F8-0A567758C0B8}.MinSizeRel|x86.ActiveCfg = Release|x64
		{E3671798-1BAC-4B94-80F8-0A567758C0B8}.Release|Any CPU.ActiveCfg = Release|x64
		{E3671798-1BAC-4B94-80F8-0A567758C0B8}.Release|Any CPU.Build.0 = Release|x64
		{E3671798-1BAC-4B94-80F8-0A567758C0B8}.Release|ARM.ActiveCfg = Release|x64
		{E3671798-1BAC-4B94-80F8-0A567758C0B8}.Release|ARM64.ActiveCfg = Release|x64
		{E3671798-1BAC-4B94-80F8-0A567758C0B8}.Release|x64.ActiveCfg = Release|x64
		{E3671798-1BAC-4B94-80F8-0A567758C0B8}.Release|x64.Build.0 = Release|x64
		{E3671798-1BAC-4B94-80F8-0A567758C0B8}.Release|x86.ActiveCfg = Release|x64
		{E3671798-1BAC-4B94-80F8-0A567758C0B8}.RelWithDebInfo|Any CPU.ActiveCfg = Debug|x64
		{E3671798-1BAC-4B94-80F8-0A567758C0B8}.RelWithDebInfo|ARM.ActiveCfg = Debug|x64
		{E3671798-1BAC-4B94-80F8-0A567758C0B8}.RelWithDebInfo|ARM64.ActiveCfg = Debug|x64
		{E3671798-1BAC-4B94-80F8-0A567758C0B8}.RelWithDebInfo|x64.ActiveCfg = Debug|x64
		{E3671798-1BAC-4B94-80F8-0A567758C0B8}.RelWithDebInfo|x86.ActiveCfg = Debug|x64
	EndGlobalSection
	GlobalSection(SolutionProperties) = preSolution
		HideSolutionNode = FALSE
	EndGlobalSection
	GlobalSection(StartupProjects) = postSolution
		{2F693993-C59F-4D7C-961C-2E2CEF74AA06} = {2F693993-C59F-4D7C-961C-2E2CEF74AA06}
	EndGlobalSection
	GlobalSection(ExtensibilityGlobals) = postSolution
		SolutionGuid = {B75D0A9C-91FA-4108-A710-A41398439167}
	EndGlobalSection
EndGlobal
